
Microsoft Visual Studio Solution File, Format Version 12.00
# Visual Studio Version 17
VisualStudioVersion = 17.4.33110.190
MinimumVisualStudioVersion = 10.0.40219.1
Project("{FAE04EC0-301F-11D3-BF4B-00C04F79EFBC}") = "Loki XML Downgrade", "Loki XML Downgrade.csproj", "{69B30514-B15F-4F47-A8A1-8F5F617487DC}"
EndProject
Global
	GlobalSection(SolutionConfigurationPlatforms) = preSolution
		Debug|Any CPU = Debug|Any CPU
		Release|Any CPU = Release|Any CPU
	EndGlobalSection
	GlobalSection(ProjectConfigurationPlatforms) = postSolution
		{69B30514-B15F-4F47-A8A1-8F5F617487DC}.Debug|Any CPU.ActiveCfg = Debug|Any CPU
		{69B30514-B15F-4F47-A8A1-8F5F617487DC}.Debug|Any CPU.Build.0 = Debug|Any CPU
		{69B30514-B15F-4F47-A8A1-8F5F617487DC}.Release|Any CPU.ActiveCfg = Release|Any CPU
		{69B30514-B15F-4F47-A8A1-8F5F617487DC}.Release|Any CPU.Build.0 = Release|Any CPU
	EndGlobalSection
	GlobalSection(SolutionProperties) = preSolution
		HideSolutionNode = FALSE
	EndGlobalSection
	GlobalSection(ExtensibilityGlobals) = postSolution
		SolutionGuid = {0C0043CB-293A-4C0A-B7E4-AEA486B40485}
	EndGlobalSection
EndGlobal
